
Microsoft Visual Studio Solution File, Format Version 12.00
# Visual Studio Version 17
VisualStudioVersion = 17.1.32228.430
MinimumVisualStudioVersion = 10.0.40219.1
Project("{FAE04EC0-301F-11D3-BF4B-00C04F79EFBC}") = "LNBolt", "LNBolt\LNBolt.csproj", "{F11A5DCC-9A4D-4A15-B570-8C7A9A6D15A9}"
EndProject
Project("{FAE04EC0-301F-11D3-BF4B-00C04F79EFBC}") = "LNBolt.Tests", "LNBolt.Tests\LNBolt.Tests.csproj", "{7F21949B-F4CB-4DD5-BD03-B07BFCF476A1}"
EndProject
Global
	GlobalSection(SolutionConfigurationPlatforms) = preSolution
		Debug|Any CPU = Debug|Any CPU
		Release|Any CPU = Release|Any CPU
	EndGlobalSection
	GlobalSection(ProjectConfigurationPlatforms) = postSolution
		{F11A5DCC-9A4D-4A15-B570-8C7A9A6D15A9}.Debug|Any CPU.ActiveCfg = Debug|Any CPU
		{F11A5DCC-9A4D-4A15-B570-8C7A9A6D15A9}.Debug|Any CPU.Build.0 = Debug|Any CPU
		{F11A5DCC-9A4D-4A15-B570-8C7A9A6D15A9}.Release|Any CPU.ActiveCfg = Release|Any CPU
		{F11A5DCC-9A4D-4A15-B570-8C7A9A6D15A9}.Release|Any CPU.Build.0 = Release|Any CPU
		{7F21949B-F4CB-4DD5-BD03-B07BFCF476A1}.Debug|Any CPU.ActiveCfg = Debug|Any CPU
		{7F21949B-F4CB-4DD5-BD03-B07BFCF476A1}.Debug|Any CPU.Build.0 = Debug|Any CPU
		{7F21949B-F4CB-4DD5-BD03-B07BFCF476A1}.Release|Any CPU.ActiveCfg = Release|Any CPU
		{7F21949B-F4CB-4DD5-BD03-B07BFCF476A1}.Release|Any CPU.Build.0 = Release|Any CPU
	EndGlobalSection
	GlobalSection(SolutionProperties) = preSolution
		HideSolutionNode = FALSE
	EndGlobalSection
	GlobalSection(ExtensibilityGlobals) = postSolution
		SolutionGuid = {68AB78E8-F891-4587-950F-8B712D98360C}
	EndGlobalSection
EndGlobal
